
Microsoft Visual Studio Solution File, Format Version 12.00
# Visual Studio Version 16
VisualStudioVersion = 16.0.31624.102
MinimumVisualStudioVersion = 10.0.40219.1
Project("{FAE04EC0-301F-11D3-BF4B-00C04F79EFBC}") = "ConsoleApp1", "ConsoleApp1\ConsoleApp1.csproj", "{A938EE8A-9D0E-4F11-82FA-3450388DEBF4}"
EndProject
Global
	GlobalSection(SolutionConfigurationPlatforms) = preSolution
		Debug|Any CPU = Debug|Any CPU
		Release|Any CPU = Release|Any CPU
	EndGlobalSection
	GlobalSection(ProjectConfigurationPlatforms) = postSolution
		{A938EE8A-9D0E-4F11-82FA-3450388DEBF4}.Debug|Any CPU.ActiveCfg = Debug|Any CPU
		{A938EE8A-9D0E-4F11-82FA-3450388DEBF4}.Debug|Any CPU.Build.0 = Debug|Any CPU
		{A938EE8A-9D0E-4F11-82FA-3450388DEBF4}.Release|Any CPU.ActiveCfg = Release|Any CPU
		{A938EE8A-9D0E-4F11-82FA-3450388DEBF4}.Release|Any CPU.Build.0 = Release|Any CPU
	EndGlobalSection
	GlobalSection(SolutionProperties) = preSolution
		HideSolutionNode = FALSE
	EndGlobalSection
	GlobalSection(ExtensibilityGlobals) = postSolution
		SolutionGuid = {43B919BB-E647-4C02-AE2A-B29874F5755A}
	EndGlobalSection
EndGlobal
